// !$*UTF8*$!
{
	archiveVersion = 1;
	classes = {
	};
	objectVersion = 46;
	objects = {

/* Begin PBXBuildFile section */
		813F8E2A1883449500F055BC /* largeUCDLogo.png in Resources */ = {isa = PBXBuildFile; fileRef = 813F8E291883449500F055BC /* largeUCDLogo.png */; };
		816636CD188536CD00019A79 /* accomodation.jpg in Resources */ = {isa = PBXBuildFile; fileRef = 816636CA188536CD00019A79 /* accomodation.jpg */; };
		816636CE188536CD00019A79 /* map.png in Resources */ = {isa = PBXBuildFile; fileRef = 816636CB188536CD00019A79 /* map.png */; };
		816636CF188536CD00019A79 /* sportcenter.jpg in Resources */ = {isa = PBXBuildFile; fileRef = 816636CC188536CD00019A79 /* sportcenter.jpg */; };
		81C01EC4187DEE98004086AD /* Foundation.framework in Frameworks */ = {isa = PBXBuildFile; fileRef = 81C01EC3187DEE98004086AD /* Foundation.framework */; };
		81C01EC6187DEE98004086AD /* CoreGraphics.framework in Frameworks */ = {isa = PBXBuildFile; fileRef = 81C01EC5187DEE98004086AD /* CoreGraphics.framework */; };
		81C01EC8187DEE98004086AD /* UIKit.framework in Frameworks */ = {isa = PBXBuildFile; fileRef = 81C01EC7187DEE98004086AD /* UIKit.framework */; };
		81C01ECE187DEE98004086AD /* InfoPlist.strings in Resources */ = {isa = PBXBuildFile; fileRef = 81C01ECC187DEE98004086AD /* InfoPlist.strings */; };
		81C01ED0187DEE98004086AD /* main.m in Sources */ = {isa = PBXBuildFile; fileRef = 81C01ECF187DEE98004086AD /* main.m */; };
		81C01ED4187DEE98004086AD /* AppDelegate.m in Sources */ = {isa = PBXBuildFile; fileRef = 81C01ED3187DEE98004086AD /* AppDelegate.m */; };
		81C01ED7187DEE98004086AD /* Main.storyboard in Resources */ = {isa = PBXBuildFile; fileRef = 81C01ED5187DEE98004086AD /* Main.storyboard */; };
		81C01EDA187DEE98004086AD /* ViewController.m in Sources */ = {isa = PBXBuildFile; fileRef = 81C01ED9187DEE98004086AD /* ViewController.m */; };
		81C01EDC187DEE98004086AD /* Images.xcassets in Resources */ = {isa = PBXBuildFile; fileRef = 81C01EDB187DEE98004086AD /* Images.xcassets */; };
		81C01EE3187DEE98004086AD /* XCTest.framework in Frameworks */ = {isa = PBXBuildFile; fileRef = 81C01EE2187DEE98004086AD /* XCTest.framework */; };
		81C01EE4187DEE98004086AD /* Foundation.framework in Frameworks */ = {isa = PBXBuildFile; fileRef = 81C01EC3187DEE98004086AD /* Foundation.framework */; };
		81C01EE5187DEE98004086AD /* UIKit.framework in Frameworks */ = {isa = PBXBuildFile; fileRef = 81C01EC7187DEE98004086AD /* UIKit.framework */; };
		81C01EED187DEE98004086AD /* InfoPlist.strings in Resources */ = {isa = PBXBuildFile; fileRef = 81C01EEB187DEE98004086AD /* InfoPlist.strings */; };
		81C01EEF187DEE98004086AD /* HelloUCDTests.m in Sources */ = {isa = PBXBuildFile; fileRef = 81C01EEE187DEE98004086AD /* HelloUCDTests.m */; };
/* End PBXBuildFile section */

/* Begin PBXContainerItemProxy section */
		81C01EE6187DEE98004086AD /* PBXContainerItemProxy */ = {
			isa = PBXContainerItemProxy;
			containerPortal = 81C01EB8187DEE98004086AD /* Project object */;
			proxyType = 1;
			remoteGlobalIDString = 81C01EBF187DEE98004086AD;
			remoteInfo = HelloUCD;
		};
/* End PBXContainerItemProxy section */

/* Begin PBXFileReference section */
		813F8E291883449500F055BC /* largeUCDLogo.png */ = {isa = PBXFileReference; lastKnownFileType = image.png; path = largeUCDLogo.png; sourceTree = "<group>"; };
		816636CA188536CD00019A79 /* accomodation.jpg */ = {isa = PBXFileReference; lastKnownFileType = image.jpeg; path = accomodation.jpg; sourceTree = "<group>"; };
		816636CB188536CD00019A79 /* map.png */ = {isa = PBXFileReference; lastKnownFileType = image.png; path = map.png; sourceTree = "<group>"; };
		816636CC188536CD00019A79 /* sportcenter.jpg */ = {isa = PBXFileReference; lastKnownFileType = image.jpeg; path = sportcenter.jpg; sourceTree = "<group>"; };
		81C01EC0187DEE98004086AD /* HelloUCD.app */ = {isa = PBXFileReference; explicitFileType = wrapper.application; includeInIndex = 0; path = HelloUCD.app; sourceTree = BUILT_PRODUCTS_DIR; };
		81C01EC3187DEE98004086AD /* Foundation.framework */ = {isa = PBXFileReference; lastKnownFileType = wrapper.framework; name = Foundation.framework; path = System/Library/Frameworks/Foundation.framework; sourceTree = SDKROOT; };
		81C01EC5187DEE98004086AD /* CoreGraphics.framework */ = {isa = PBXFileReference; lastKnownFileType = wrapper.framework; name = CoreGraphics.framework; path = System/Library/Frameworks/CoreGraphics.framework; sourceTree = SDKROOT; };
		81C01EC7187DEE98004086AD /* UIKit.framework */ = {isa = PBXFileReference; lastKnownFileType = wrapper.framework; name = UIKit.framework; path = System/Library/Frameworks/UIKit.framework; sourceTree = SDKROOT; };
		81C01ECB187DEE98004086AD /* HelloUCD-Info.plist */ = {isa = PBXFileReference; lastKnownFileType = text.plist.xml; path = "HelloUCD-Info.plist"; sourceTree = "<group>"; };
		81C01ECD187DEE98004086AD /* en */ = {isa = PBXFileReference; lastKnownFileType = text.plist.strings; name = en; path = en.lproj/InfoPlist.strings; sourceTree = "<group>"; };
		81C01ECF187DEE98004086AD /* main.m */ = {isa = PBXFileReference; lastKnownFileType = sourcecode.c.objc; path = main.m; sourceTree = "<group>"; };
		81C01ED1187DEE98004086AD /* HelloUCD-Prefix.pch */ = {isa = PBXFileReference; lastKnownFileType = sourcecode.c.h; path = "HelloUCD-Prefix.pch"; sourceTree = "<group>"; };
		81C01ED2187DEE98004086AD /* AppDelegate.h */ = {isa = PBXFileReference; lastKnownFileType = sourcecode.c.h; path = AppDelegate.h; sourceTree = "<group>"; };
		81C01ED3187DEE98004086AD /* AppDelegate.m */ = {isa = PBXFileReference; lastKnownFileType = sourcecode.c.objc; path = AppDelegate.m; sourceTree = "<group>"; };
		81C01ED6187DEE98004086AD /* Base */ = {isa = PBXFileReference; lastKnownFileType = file.storyboard; name = Base; path = Base.lproj/Main.storyboard; sourceTree = "<group>"; };
		81C01ED8187DEE98004086AD /* ViewController.h */ = {isa = PBXFileReference; lastKnownFileType = sourcecode.c.h; path = ViewController.h; sourceTree = "<group>"; };
		81C01ED9187DEE98004086AD /* ViewController.m */ = {isa = PBXFileReference; lastKnownFileType = sourcecode.c.objc; path = ViewController.m; sourceTree = "<group>"; };
		81C01EDB187DEE98004086AD /* Images.xcassets */ = {isa = PBXFileReference; lastKnownFileType = folder.assetcatalog; path = Images.xcassets; sourceTree = "<group>"; };
		81C01EE1187DEE98004086AD /* HelloUCDTests.xctest */ = {isa = PBXFileReference; explicitFileType = wrapper.cfbundle; includeInIndex = 0; path = HelloUCDTests.xctest; sourceTree = BUILT_PRODUCTS_DIR; };
		81C01EE2187DEE98004086AD /* XCTest.framework */ = {isa = PBXFileReference; lastKnownFileType = wrapper.framework; name = XCTest.framework; path = Library/Frameworks/XCTest.framework; sourceTree = DEVELOPER_DIR; };
		81C01EEA187DEE98004086AD /* HelloUCDTests-Info.plist */ = {isa = PBXFileReference; lastKnownFileType = text.plist.xml; path = "HelloUCDTests-Info.plist"; sourceTree = "<group>"; };
		81C01EEC187DEE98004086AD /* en */ = {isa = PBXFileReference; lastKnownFileType = text.plist.strings; name = en; path = en.lproj/InfoPlist.strings; sourceTree = "<group>"; };
		81C01EEE187DEE98004086AD /* HelloUCDTests.m */ = {isa = PBXFileReference; lastKnownFileType = sourcecode.c.objc; path = HelloUCDTests.m; sourceTree = "<group>"; };
/* End PBXFileReference section */

/* Begin PBXFrameworksBuildPhase section */
		81C01EBD187DEE98004086AD /* Frameworks */ = {
			isa = PBXFrameworksBuildPhase;
			buildActionMask = 2147483647;
			files = (
				81C01EC6187DEE98004086AD /* CoreGraphics.framework in Frameworks */,
				81C01EC8187DEE98004086AD /* UIKit.framework in Frameworks */,
				81C01EC4187DEE98004086AD /* Foundation.framework in Frameworks */,
			);
			runOnlyForDeploymentPostprocessing = 0;
		};
		81C01EDE187DEE98004086AD /* Frameworks */ = {
			isa = PBXFrameworksBuildPhase;
			buildActionMask = 2147483647;
			files = (
				81C01EE3187DEE98004086AD /* XCTest.framework in Frameworks */,
				81C01EE5187DEE98004086AD /* UIKit.framework in Frameworks */,
				81C01EE4187DEE98004086AD /* Foundation.framework in Frameworks */,
			);
			runOnlyForDeploymentPostprocessing = 0;
		};
/* End PBXFrameworksBuildPhase section */

/* Begin PBXGroup section */
		81C01EB7187DEE98004086AD = {
			isa = PBXGroup;
			children = (
				81C01EC9187DEE98004086AD /* HelloUCD */,
				81C01EE8187DEE98004086AD /* HelloUCDTests */,
				81C01EC2187DEE98004086AD /* Frameworks */,
				81C01EC1187DEE98004086AD /* Products */,
			);
			sourceTree = "<group>";
		};
		81C01EC1187DEE98004086AD /* Products */ = {
			isa = PBXGroup;
			children = (
				81C01EC0187DEE98004086AD /* HelloUCD.app */,
				81C01EE1187DEE98004086AD /* HelloUCDTests.xctest */,
			);
			name = Products;
			sourceTree = "<group>";
		};
		81C01EC2187DEE98004086AD /* Frameworks */ = {
			isa = PBXGroup;
			children = (
				81C01EC3187DEE98004086AD /* Foundation.framework */,
				81C01EC5187DEE98004086AD /* CoreGraphics.framework */,
				81C01EC7187DEE98004086AD /* UIKit.framework */,
				81C01EE2187DEE98004086AD /* XCTest.framework */,
			);
			name = Frameworks;
			sourceTree = "<group>";
		};
		81C01EC9187DEE98004086AD /* HelloUCD */ = {
			isa = PBXGroup;
			children = (
				81C01ED2187DEE98004086AD /* AppDelegate.h */,
				81C01ED3187DEE98004086AD /* AppDelegate.m */,
				81C01ED5187DEE98004086AD /* Main.storyboard */,
				81C01ED8187DEE98004086AD /* ViewController.h */,
				81C01ED9187DEE98004086AD /* ViewController.m */,
				81C01EDB187DEE98004086AD /* Images.xcassets */,
				81C01ECA187DEE98004086AD /* Supporting Files */,
			);
			path = HelloUCD;
			sourceTree = "<group>";
		};
		81C01ECA187DEE98004086AD /* Supporting Files */ = {
			isa = PBXGroup;
			children = (
				816636CA188536CD00019A79 /* accomodation.jpg */,
				816636CB188536CD00019A79 /* map.png */,
				816636CC188536CD00019A79 /* sportcenter.jpg */,
				813F8E291883449500F055BC /* largeUCDLogo.png */,
				81C01ECB187DEE98004086AD /* HelloUCD-Info.plist */,
				81C01ECC187DEE98004086AD /* InfoPlist.strings */,
				81C01ECF187DEE98004086AD /* main.m */,
				81C01ED1187DEE98004086AD /* HelloUCD-Prefix.pch */,
			);
			name = "Supporting Files";
			sourceTree = "<group>";
		};
		81C01EE8187DEE98004086AD /* HelloUCDTests */ = {
			isa = PBXGroup;
			children = (
				81C01EEE187DEE98004086AD /* HelloUCDTests.m */,
				81C01EE9187DEE98004086AD /* Supporting Files */,
			);
			path = HelloUCDTests;
			sourceTree = "<group>";
		};
		81C01EE9187DEE98004086AD /* Supporting Files */ = {
			isa = PBXGroup;
			children = (
				81C01EEA187DEE98004086AD /* HelloUCDTests-Info.plist */,
				81C01EEB187DEE98004086AD /* InfoPlist.strings */,
			);
			name = "Supporting Files";
			sourceTree = "<group>";
		};
/* End PBXGroup section */

/* Begin PBXNativeTarget section */
		81C01EBF187DEE98004086AD /* HelloUCD */ = {
			isa = PBXNativeTarget;
			buildConfigurationList = 81C01EF2187DEE98004086AD /* Build configuration list for PBXNativeTarget "HelloUCD" */;
			buildPhases = (
				81C01EBC187DEE98004086AD /* Sources */,
				81C01EBD187DEE98004086AD /* Frameworks */,
				81C01EBE187DEE98004086AD /* Resources */,
			);
			buildRules = (
			);
			dependencies = (
			);
			name = HelloUCD;
			productName = HelloUCD;
			productReference = 81C01EC0187DEE98004086AD /* HelloUCD.app */;
			productType = "com.apple.product-type.application";
		};
		81C01EE0187DEE98004086AD /* HelloUCDTests */ = {
			isa = PBXNativeTarget;
			buildConfigurationList = 81C01EF5187DEE98004086AD /* Build configuration list for PBXNativeTarget "HelloUCDTests" */;
			buildPhases = (
				81C01EDD187DEE98004086AD /* Sources */,
				81C01EDE187DEE98004086AD /* Frameworks */,
				81C01EDF187DEE98004086AD /* Resources */,
			);
			buildRules = (
			);
			dependencies = (
				81C01EE7187DEE98004086AD /* PBXTargetDependency */,
			);
			name = HelloUCDTests;
			productName = HelloUCDTests;
			productReference = 81C01EE1187DEE98004086AD /* HelloUCDTests.xctest */;
			productType = "com.apple.product-type.bundle.unit-test";
		};
/* End PBXNativeTarget section */

/* Begin PBXProject section */
		81C01EB8187DEE98004086AD /* Project object */ = {
			isa = PBXProject;
			attributes = {
				LastUpgradeCheck = 0500;
				ORGANIZATIONNAME = UCD;
				TargetAttributes = {
					81C01EE0187DEE98004086AD = {
						TestTargetID = 81C01EBF187DEE98004086AD;
					};
				};
			};
			buildConfigurationList = 81C01EBB187DEE98004086AD /* Build configuration list for PBXProject "HelloUCD" */;
			compatibilityVersion = "Xcode 3.2";
			developmentRegion = English;
			hasScannedForEncodings = 0;
			knownRegions = (
				en,
				Base,
			);
			mainGroup = 81C01EB7187DEE98004086AD;
			productRefGroup = 81C01EC1187DEE98004086AD /* Products */;
			projectDirPath = "";
			projectRoot = "";
			targets = (
				81C01EBF187DEE98004086AD /* HelloUCD */,
				81C01EE0187DEE98004086AD /* HelloUCDTests */,
			);
		};
/* End PBXProject section */

/* Begin PBXResourcesBuildPhase section */
		81C01EBE187DEE98004086AD /* Resources */ = {
			isa = PBXResourcesBuildPhase;
			buildActionMask = 2147483647;
			files = (
				81C01EDC187DEE98004086AD /* Images.xcassets in Resources */,
				816636CE188536CD00019A79 /* map.png in Resources */,
				81C01ECE187DEE98004086AD /* InfoPlist.strings in Resources */,
				816636CD188536CD00019A79 /* accomodation.jpg in Resources */,
				81C01ED7187DEE98004086AD /* Main.storyboard in Resources */,
				816636CF188536CD00019A79 /* sportcenter.jpg in Resources */,
				813F8E2A1883449500F055BC /* largeUCDLogo.png in Resources */,
			);
			runOnlyForDeploymentPostprocessing = 0;
		};
		81C01EDF187DEE98004086AD /* Resources */ = {
			isa = PBXResourcesBuildPhase;
			buildActionMask = 2147483647;
			files = (
				81C01EED187DEE98004086AD /* InfoPlist.strings in Resources */,
			);
			runOnlyForDeploymentPostprocessing = 0;
		};
/* End PBXResourcesBuildPhase section */

/* Begin PBXSourcesBuildPhase section */
		81C01EBC187DEE98004086AD /* Sources */ = {
			isa = PBXSourcesBuildPhase;
			buildActionMask = 2147483647;
			files = (
				81C01EDA187DEE98004086AD /* ViewController.m in Sources */,
				81C01ED4187DEE98004086AD /* AppDelegate.m in Sources */,
				81C01ED0187DEE98004086AD /* main.m in Sources */,
			);
			runOnlyForDeploymentPostprocessing = 0;
		};
		81C01EDD187DEE98004086AD /* Sources */ = {
			isa = PBXSourcesBuildPhase;
			buildActionMask = 2147483647;
			files = (
				81C01EEF187DEE98004086AD /* HelloUCDTests.m in Sources */,
			);
			runOnlyForDeploymentPostprocessing = 0;
		};
/* End PBXSourcesBuildPhase section */

/* Begin PBXTargetDependency section */
		81C01EE7187DEE98004086AD /* PBXTargetDependency */ = {
			isa = PBXTargetDependency;
			target = 81C01EBF187DEE98004086AD /* HelloUCD */;
			targetProxy = 81C01EE6187DEE98004086AD /* PBXContainerItemProxy */;
		};
/* End PBXTargetDependency section */

/* Begin PBXVariantGroup section */
		81C01ECC187DEE98004086AD /* InfoPlist.strings */ = {
			isa = PBXVariantGroup;
			children = (
				81C01ECD187DEE98004086AD /* en */,
			);
			name = InfoPlist.strings;
			sourceTree = "<group>";
		};
		81C01ED5187DEE98004086AD /* Main.storyboard */ = {
			isa = PBXVariantGroup;
			children = (
				81C01ED6187DEE98004086AD /* Base */,
			);
			name = Main.storyboard;
			sourceTree = "<group>";
		};
		81C01EEB187DEE98004086AD /* InfoPlist.strings */ = {
			isa = PBXVariantGroup;
			children = (
				81C01EEC187DEE98004086AD /* en */,
			);
			name = InfoPlist.strings;
			sourceTree = "<group>";
		};
/* End PBXVariantGroup section */

/* Begin XCBuildConfiguration section */
		81C01EF0187DEE98004086AD /* Debug */ = {
			isa = XCBuildConfiguration;
			buildSettings = {
				ALWAYS_SEARCH_USER_PATHS = NO;
				ARCHS = "$(ARCHS_STANDARD_INCLUDING_64_BIT)";
				CLANG_CXX_LANGUAGE_STANDARD = "gnu++0x";
				CLANG_CXX_LIBRARY = "libc++";
				CLANG_ENABLE_MODULES = YES;
				CLANG_ENABLE_OBJC_ARC = YES;
				CLANG_WARN_BOOL_CONVERSION = YES;
				CLANG_WARN_CONSTANT_CONVERSION = YES;
				CLANG_WARN_DIRECT_OBJC_ISA_USAGE = YES_ERROR;
				CLANG_WARN_EMPTY_BODY = YES;
				CLANG_WARN_ENUM_CONVERSION = YES;
				CLANG_WARN_INT_CONVERSION = YES;
				CLANG_WARN_OBJC_ROOT_CLASS = YES_ERROR;
				CLANG_WARN__DUPLICATE_METHOD_MATCH = YES;
				"CODE_SIGN_IDENTITY[sdk=iphoneos*]" = "iPhone Developer";
				COPY_PHASE_STRIP = NO;
				GCC_C_LANGUAGE_STANDARD = gnu99;
				GCC_DYNAMIC_NO_PIC = NO;
				GCC_OPTIMIZATION_LEVEL = 0;
				GCC_PREPROCESSOR_DEFINITIONS = (
					"DEBUG=1",
					"$(inherited)",
				);
				GCC_SYMBOLS_PRIVATE_EXTERN = NO;
				GCC_WARN_64_TO_32_BIT_CONVERSION = YES;
				GCC_WARN_ABOUT_RETURN_TYPE = YES_ERROR;
				GCC_WARN_UNDECLARED_SELECTOR = YES;
				GCC_WARN_UNINITIALIZED_AUTOS = YES;
				GCC_WARN_UNUSED_FUNCTION = YES;
				GCC_WARN_UNUSED_VARIABLE = YES;
				IPHONEOS_DEPLOYMENT_TARGET = 7.0;
				ONLY_ACTIVE_ARCH = YES;
				SDKROOT = iphoneos;
			};
			name = Debug;
		};
		81C01EF1187DEE98004086AD /* Release */ = {
			isa = XCBuildConfiguration;
			buildSettings = {
				ALWAYS_SEARCH_USER_PATHS = NO;
				ARCHS = "$(ARCHS_STANDARD_INCLUDING_64_BIT)";
				CLANG_CXX_LANGUAGE_STANDARD = "gnu++0x";
				CLANG_CXX_LIBRARY = "libc++";
				CLANG_ENABLE_MODULES = YES;
				CLANG_ENABLE_OBJC_ARC = YES;
				CLANG_WARN_BOOL_CONVERSION = YES;
				CLANG_WARN_CONSTANT_CONVERSION = YES;
				CLANG_WARN_DIRECT_OBJC_ISA_USAGE = YES_ERROR;
				CLANG_WARN_EMPTY_BODY = YES;
				CLANG_WARN_ENUM_CONVERSION = YES;
				CLANG_WARN_INT_CONVERSION = YES;
				CLANG_WARN_OBJC_ROOT_CLASS = YES_ERROR;
				CLANG_WARN__DUPLICATE_METHOD_MATCH = YES;
				"CODE_SIGN_IDENTITY[sdk=iphoneos*]" = "iPhone Developer";
				COPY_PHASE_STRIP = YES;
				ENABLE_NS_ASSERTIONS = NO;
				GCC_C_LANGUAGE_STANDARD = gnu99;
				GCC_WARN_64_TO_32_BIT_CONVERSION = YES;
				GCC_WARN_ABOUT_RETURN_TYPE = YES_ERROR;
				GCC_WARN_UNDECLARED_SELECTOR = YES;
				GCC_WARN_UNINITIALIZED_AUTOS = YES;
				GCC_WARN_UNUSED_FUNCTION = YES;
				GCC_WARN_UNUSED_VARIABLE = YES;
				IPHONEOS_DEPLOYMENT_TARGET = 7.0;
				SDKROOT = iphoneos;
				VALIDATE_PRODUCT = YES;
			};
			name = Release;
		};
		81C01EF3187DEE98004086AD /* Debug */ = {
			isa = XCBuildConfiguration;
			buildSettings = {
				ASSETCATALOG_COMPILER_APPICON_NAME = AppIcon;
				ASSETCATALOG_COMPILER_LAUNCHIMAGE_NAME = LaunchImage;
				GCC_PRECOMPILE_PREFIX_HEADER = YES;
				GCC_PREFIX_HEADER = "HelloUCD/HelloUCD-Prefix.pch";
				INFOPLIST_FILE = "HelloUCD/HelloUCD-Info.plist";
				PRODUCT_NAME = "$(TARGET_NAME)";
				WRAPPER_EXTENSION = app;
			};
			name = Debug;
		};
		81C01EF4187DEE98004086AD /* Release */ = {
			isa = XCBuildConfiguration;
			buildSettings = {
				ASSETCATALOG_COMPILER_APPICON_NAME = AppIcon;
				ASSETCATALOG_COMPILER_LAUNCHIMAGE_NAME = LaunchImage;
				GCC_PRECOMPILE_PREFIX_HEADER = YES;
				GCC_PREFIX_HEADER = "HelloUCD/HelloUCD-Prefix.pch";
				INFOPLIST_FILE = "HelloUCD/HelloUCD-Info.plist";
				PRODUCT_NAME = "$(TARGET_NAME)";
				WRAPPER_EXTENSION = app;
			};
			name = Release;
		};
		81C01EF6187DEE98004086AD /* Debug */ = {
			isa = XCBuildConfiguration;
			buildSettings = {
				ARCHS = "$(ARCHS_STANDARD_INCLUDING_64_BIT)";
				BUNDLE_LOADER = "$(BUILT_PRODUCTS_DIR)/HelloUCD.app/HelloUCD";
				FRAMEWORK_SEARCH_PATHS = (
					"$(SDKROOT)/Developer/Library/Frameworks",
					"$(inherited)",
					"$(DEVELOPER_FRAMEWORKS_DIR)",
				);
				GCC_PRECOMPILE_PREFIX_HEADER = YES;
				GCC_PREFIX_HEADER = "HelloUCD/HelloUCD-Prefix.pch";
				GCC_PREPROCESSOR_DEFINITIONS = (
					"DEBUG=1",
					"$(inherited)",
				);
				INFOPLIST_FILE = "HelloUCDTests/HelloUCDTests-Info.plist";
				PRODUCT_NAME = "$(TARGET_NAME)";
				TEST_HOST = "$(BUNDLE_LOADER)";
				WRAPPER_EXTENSION = xctest;
			};
			name = Debug;
		};
		81C01EF7187DEE98004086AD /* Release */ = {
			isa = XCBuildConfiguration;
			buildSettings = {
				ARCHS = "$(ARCHS_STANDARD_INCLUDING_64_BIT)";
				BUNDLE_LOADER = "$(BUILT_PRODUCTS_DIR)/HelloUCD.app/HelloUCD";
				FRAMEWORK_SEARCH_PATHS = (
					"$(SDKROOT)/Developer/Library/Frameworks",
					"$(inherited)",
					"$(DEVELOPER_FRAMEWORKS_DIR)",
				);
				GCC_PRECOMPILE_PREFIX_HEADER = YES;
				GCC_PREFIX_HEADER = "HelloUCD/HelloUCD-Prefix.pch";
				INFOPLIST_FILE = "HelloUCDTests/HelloUCDTests-Info.plist";
				PRODUCT_NAME = "$(TARGET_NAME)";
				TEST_HOST = "$(BUNDLE_LOADER)";
				WRAPPER_EXTENSION = xctest;
			};
			name = Release;
		};
/* End XCBuildConfiguration section */

/* Begin XCConfigurationList section */
		81C01EBB187DEE98004086AD /* Build configuration list for PBXProject "HelloUCD" */ = {
			isa = XCConfigurationList;
			buildConfigurations = (
				81C01EF0187DEE98004086AD /* Debug */,
				81C01EF1187DEE98004086AD /* Release */,
			);
			defaultConfigurationIsVisible = 0;
			defaultConfigurationName = Release;
		};
		81C01EF2187DEE98004086AD /* Build configuration list for PBXNativeTarget "HelloUCD" */ = {
			isa = XCConfigurationList;
			buildConfigurations = (
				81C01EF3187DEE98004086AD /* Debug */,
				81C01EF4187DEE98004086AD /* Release */,
			);
			defaultConfigurationIsVisible = 0;
			defaultConfigurationName = Release;
		};
		81C01EF5187DEE98004086AD /* Build configuration list for PBXNativeTarget "HelloUCDTests" */ = {
			isa = XCConfigurationList;
			buildConfigurations = (
				81C01EF6187DEE98004086AD /* Debug */,
				81C01EF7187DEE98004086AD /* Release */,
			);
			defaultConfigurationIsVisible = 0;
			defaultConfigurationName = Release;
		};
/* End XCConfigurationList section */
	};
	rootObject = 81C01EB8187DEE98004086AD /* Project object */;
}
